
Microsoft Visual Studio Solution File, Format Version 12.00
# Visual Studio 15
VisualStudioVersion = 15.0.28307.102
MinimumVisualStudioVersion = 10.0.40219.1
Project("{9A19103F-16F7-4668-BE54-9A1E7A4F7556}") = "LogViewer", "LogViewer\LogViewer.csproj", "{DAA7F50F-B0D8-41A2-A7FC-EF57D392F46B}"
EndProject
Project("{FAE04EC0-301F-11D3-BF4B-00C04F79EFBC}") = "LogViewer.Core", "LogViewer.Core\LogViewer.Core.csproj", "{8ED70E2D-DE6B-405C-83A3-CD87E562D5C6}"
EndProject
Project("{FAE04EC0-301F-11D3-BF4B-00C04F79EFBC}") = "LogViewer.Infrastructure", "LogViewer.Infrastructure\LogViewer.Infrastructure.csproj", "{EE052C9F-FADB-447B-9F48-61C6A513D07A}"
EndProject
Project("{FAE04EC0-301F-11D3-BF4B-00C04F79EFBC}") = "LogViewer.DbContextScaffoldingRunner", "LogViewer.DbContextScaffoldingRunner\LogViewer.DbContextScaffoldingRunner.csproj", "{697D4B88-0E4B-43EA-8ED7-57FA26691E20}"
EndProject
Global
	GlobalSection(SolutionConfigurationPlatforms) = preSolution
		Debug|Any CPU = Debug|Any CPU
		Release|Any CPU = Release|Any CPU
	EndGlobalSection
	GlobalSection(ProjectConfigurationPlatforms) = postSolution
		{DAA7F50F-B0D8-41A2-A7FC-EF57D392F46B}.Debug|Any CPU.ActiveCfg = Debug|Any CPU
		{DAA7F50F-B0D8-41A2-A7FC-EF57D392F46B}.Debug|Any CPU.Build.0 = Debug|Any CPU
		{DAA7F50F-B0D8-41A2-A7FC-EF57D392F46B}.Release|Any CPU.ActiveCfg = Release|Any CPU
		{DAA7F50F-B0D8-41A2-A7FC-EF57D392F46B}.Release|Any CPU.Build.0 = Release|Any CPU
		{8ED70E2D-DE6B-405C-83A3-CD87E562D5C6}.Debug|Any CPU.ActiveCfg = Debug|Any CPU
		{8ED70E2D-DE6B-405C-83A3-CD87E562D5C6}.Debug|Any CPU.Build.0 = Debug|Any CPU
		{8ED70E2D-DE6B-405C-83A3-CD87E562D5C6}.Release|Any CPU.ActiveCfg = Release|Any CPU
		{8ED70E2D-DE6B-405C-83A3-CD87E562D5C6}.Release|Any CPU.Build.0 = Release|Any CPU
		{EE052C9F-FADB-447B-9F48-61C6A513D07A}.Debug|Any CPU.ActiveCfg = Debug|Any CPU
		{EE052C9F-FADB-447B-9F48-61C6A513D07A}.Debug|Any CPU.Build.0 = Debug|Any CPU
		{EE052C9F-FADB-447B-9F48-61C6A513D07A}.Release|Any CPU.ActiveCfg = Release|Any CPU
		{EE052C9F-FADB-447B-9F48-61C6A513D07A}.Release|Any CPU.Build.0 = Release|Any CPU
		{697D4B88-0E4B-43EA-8ED7-57FA26691E20}.Debug|Any CPU.ActiveCfg = Debug|Any CPU
		{697D4B88-0E4B-43EA-8ED7-57FA26691E20}.Debug|Any CPU.Build.0 = Debug|Any CPU
		{697D4B88-0E4B-43EA-8ED7-57FA26691E20}.Release|Any CPU.ActiveCfg = Release|Any CPU
		{697D4B88-0E4B-43EA-8ED7-57FA26691E20}.Release|Any CPU.Build.0 = Release|Any CPU
	EndGlobalSection
	GlobalSection(SolutionProperties) = preSolution
		HideSolutionNode = FALSE
	EndGlobalSection
	GlobalSection(ExtensibilityGlobals) = postSolution
		SolutionGuid = {38153603-2DE1-4F65-896A-DEBD9533AA03}
	EndGlobalSection
EndGlobal
